// !$*UTF8*$!
{
	archiveVersion = 1;
	classes = {
	};
	objectVersion = 56;
	objects = {

/* Begin PBXBuildFile section */
		FD2C62DF2BDFD75400A14E53 /* CalendarStudyApp.swift in Sources */ = {isa = PBXBuildFile; fileRef = FD2C62DE2BDFD75400A14E53 /* CalendarStudyApp.swift */; };
		FD2C62E12BDFD75400A14E53 /* CalendarView.swift in Sources */ = {isa = PBXBuildFile; fileRef = FD2C62E02BDFD75400A14E53 /* CalendarView.swift */; };
		FD2C62E32BDFD75500A14E53 /* Assets.xcassets in Resources */ = {isa = PBXBuildFile; fileRef = FD2C62E22BDFD75500A14E53 /* Assets.xcassets */; };
		FD2C62E62BDFD75500A14E53 /* Preview Assets.xcassets in Resources */ = {isa = PBXBuildFile; fileRef = FD2C62E52BDFD75500A14E53 /* Preview Assets.xcassets */; };
		FD2C62E82BDFD75500A14E53 /* Persistence.swift in Sources */ = {isa = PBXBuildFile; fileRef = FD2C62E72BDFD75500A14E53 /* Persistence.swift */; };
		FD2C62F52BDFE57800A14E53 /* Date+ext.swift in Sources */ = {isa = PBXBuildFile; fileRef = FD2C62F42BDFE57800A14E53 /* Date+ext.swift */; };
		FD93E58C2BDFF686003DAC56 /* StreakView.swift in Sources */ = {isa = PBXBuildFile; fileRef = FD93E58B2BDFF686003DAC56 /* StreakView.swift */; };
		FD93E5942BDFFB53003DAC56 /* WidgetKit.framework in Frameworks */ = {isa = PBXBuildFile; fileRef = FD93E5932BDFFB53003DAC56 /* WidgetKit.framework */; };
		FD93E5962BDFFB53003DAC56 /* SwiftUI.framework in Frameworks */ = {isa = PBXBuildFile; fileRef = FD93E5952BDFFB53003DAC56 /* SwiftUI.framework */; };
		FD93E59B2BDFFB53003DAC56 /* CalendarStudyWidget.swift in Sources */ = {isa = PBXBuildFile; fileRef = FD93E59A2BDFFB53003DAC56 /* CalendarStudyWidget.swift */; };
		FD93E59F2BDFFB54003DAC56 /* Assets.xcassets in Resources */ = {isa = PBXBuildFile; fileRef = FD93E59E2BDFFB54003DAC56 /* Assets.xcassets */; };
		FD93E5A32BDFFB54003DAC56 /* CalendarStudyWidgetExtension.appex in Embed Foundation Extensions */ = {isa = PBXBuildFile; fileRef = FD93E5912BDFFB53003DAC56 /* CalendarStudyWidgetExtension.appex */; settings = {ATTRIBUTES = (RemoveHeadersOnCopy, ); }; };
		FD93E5AB2BE00587003DAC56 /* CalendarHeaderView.swift in Sources */ = {isa = PBXBuildFile; fileRef = FD93E5AA2BE00587003DAC56 /* CalendarHeaderView.swift */; };
		FD93E5AC2BE00587003DAC56 /* CalendarHeaderView.swift in Sources */ = {isa = PBXBuildFile; fileRef = FD93E5AA2BE00587003DAC56 /* CalendarHeaderView.swift */; };
		FD93E5AE2BE076CC003DAC56 /* Persistence.swift in Sources */ = {isa = PBXBuildFile; fileRef = FD2C62E72BDFD75500A14E53 /* Persistence.swift */; };
		FD93E5B02BE15EA0003DAC56 /* Date+ext.swift in Sources */ = {isa = PBXBuildFile; fileRef = FD2C62F42BDFE57800A14E53 /* Date+ext.swift */; };
		FD93E5B22BE15EC3003DAC56 /* Day.swift in Sources */ = {isa = PBXBuildFile; fileRef = FD93E5B12BE15EC3003DAC56 /* Day.swift */; };
		FD93E5B32BE15EC3003DAC56 /* Day.swift in Sources */ = {isa = PBXBuildFile; fileRef = FD93E5B12BE15EC3003DAC56 /* Day.swift */; };
/* End PBXBuildFile section */

/* Begin PBXContainerItemProxy section */
		FD93E5A12BDFFB54003DAC56 /* PBXContainerItemProxy */ = {
			isa = PBXContainerItemProxy;
			containerPortal = FD2C62D32BDFD75400A14E53 /* Project object */;
			proxyType = 1;
			remoteGlobalIDString = FD93E5902BDFFB53003DAC56;
			remoteInfo = CalendarStudyWidgetExtension;
		};
/* End PBXContainerItemProxy section */

/* Begin PBXCopyFilesBuildPhase section */
		FD93E5A72BDFFB54003DAC56 /* Embed Foundation Extensions */ = {
			isa = PBXCopyFilesBuildPhase;
			buildActionMask = 2147483647;
			dstPath = "";
			dstSubfolderSpec = 13;
			files = (
				FD93E5A32BDFFB54003DAC56 /* CalendarStudyWidgetExtension.appex in Embed Foundation Extensions */,
			);
			name = "Embed Foundation Extensions";
			runOnlyForDeploymentPostprocessing = 0;
		};
/* End PBXCopyFilesBuildPhase section */

/* Begin PBXFileReference section */
		FD2C62DB2BDFD75400A14E53 /* CalendarStudy.app */ = {isa = PBXFileReference; explicitFileType = wrapper.application; includeInIndex = 0; path = CalendarStudy.app; sourceTree = BUILT_PRODUCTS_DIR; };
		FD2C62DE2BDFD75400A14E53 /* CalendarStudyApp.swift */ = {isa = PBXFileReference; lastKnownFileType = sourcecode.swift; path = CalendarStudyApp.swift; sourceTree = "<group>"; };
		FD2C62E02BDFD75400A14E53 /* CalendarView.swift */ = {isa = PBXFileReference; lastKnownFileType = sourcecode.swift; path = CalendarView.swift; sourceTree = "<group>"; };
		FD2C62E22BDFD75500A14E53 /* Assets.xcassets */ = {isa = PBXFileReference; lastKnownFileType = folder.assetcatalog; path = Assets.xcassets; sourceTree = "<group>"; };
		FD2C62E52BDFD75500A14E53 /* Preview Assets.xcassets */ = {isa = PBXFileReference; lastKnownFileType = folder.assetcatalog; path = "Preview Assets.xcassets"; sourceTree = "<group>"; };
		FD2C62E72BDFD75500A14E53 /* Persistence.swift */ = {isa = PBXFileReference; lastKnownFileType = sourcecode.swift; path = Persistence.swift; sourceTree = "<group>"; };
		FD2C62F42BDFE57800A14E53 /* Date+ext.swift */ = {isa = PBXFileReference; lastKnownFileType = sourcecode.swift; path = "Date+ext.swift"; sourceTree = "<group>"; };
		FD93E58B2BDFF686003DAC56 /* StreakView.swift */ = {isa = PBXFileReference; lastKnownFileType = sourcecode.swift; path = StreakView.swift; sourceTree = "<group>"; };
		FD93E5912BDFFB53003DAC56 /* CalendarStudyWidgetExtension.appex */ = {isa = PBXFileReference; explicitFileType = "wrapper.app-extension"; includeInIndex = 0; path = CalendarStudyWidgetExtension.appex; sourceTree = BUILT_PRODUCTS_DIR; };
		FD93E5932BDFFB53003DAC56 /* WidgetKit.framework */ = {isa = PBXFileReference; lastKnownFileType = wrapper.framework; name = WidgetKit.framework; path = System/Library/Frameworks/WidgetKit.framework; sourceTree = SDKROOT; };
		FD93E5952BDFFB53003DAC56 /* SwiftUI.framework */ = {isa = PBXFileReference; lastKnownFileType = wrapper.framework; name = SwiftUI.framework; path = System/Library/Frameworks/SwiftUI.framework; sourceTree = SDKROOT; };
		FD93E59A2BDFFB53003DAC56 /* CalendarStudyWidget.swift */ = {isa = PBXFileReference; lastKnownFileType = sourcecode.swift; path = CalendarStudyWidget.swift; sourceTree = "<group>"; };
		FD93E59E2BDFFB54003DAC56 /* Assets.xcassets */ = {isa = PBXFileReference; lastKnownFileType = folder.assetcatalog; path = Assets.xcassets; sourceTree = "<group>"; };
		FD93E5A02BDFFB54003DAC56 /* Info.plist */ = {isa = PBXFileReference; lastKnownFileType = text.plist.xml; path = Info.plist; sourceTree = "<group>"; };
		FD93E5A82BDFFB7F003DAC56 /* CalendarStudy.entitlements */ = {isa = PBXFileReference; lastKnownFileType = text.plist.entitlements; path = CalendarStudy.entitlements; sourceTree = "<group>"; };
		FD93E5A92BDFFBCA003DAC56 /* CalendarStudyWidgetExtension.entitlements */ = {isa = PBXFileReference; lastKnownFileType = text.plist.entitlements; path = CalendarStudyWidgetExtension.entitlements; sourceTree = "<group>"; };
		FD93E5AA2BE00587003DAC56 /* CalendarHeaderView.swift */ = {isa = PBXFileReference; lastKnownFileType = sourcecode.swift; path = CalendarHeaderView.swift; sourceTree = "<group>"; };
		FD93E5B12BE15EC3003DAC56 /* Day.swift */ = {isa = PBXFileReference; lastKnownFileType = sourcecode.swift; path = Day.swift; sourceTree = "<group>"; };
/* End PBXFileReference section */

/* Begin PBXFrameworksBuildPhase section */
		FD2C62D82BDFD75400A14E53 /* Frameworks */ = {
			isa = PBXFrameworksBuildPhase;
			buildActionMask = 2147483647;
			files = (
			);
			runOnlyForDeploymentPostprocessing = 0;
		};
		FD93E58E2BDFFB53003DAC56 /* Frameworks */ = {
			isa = PBXFrameworksBuildPhase;
			buildActionMask = 2147483647;
			files = (
				FD93E5962BDFFB53003DAC56 /* SwiftUI.framework in Frameworks */,
				FD93E5942BDFFB53003DAC56 /* WidgetKit.framework in Frameworks */,
			);
			runOnlyForDeploymentPostprocessing = 0;
		};
/* End PBXFrameworksBuildPhase section */

/* Begin PBXGroup section */
		FD2C62D22BDFD75400A14E53 = {
			isa = PBXGroup;
			children = (
				FD93E5A92BDFFBCA003DAC56 /* CalendarStudyWidgetExtension.entitlements */,
				FD2C62DD2BDFD75400A14E53 /* CalendarStudy */,
				FD93E5972BDFFB53003DAC56 /* CalendarStudyWidget */,
				FD93E5922BDFFB53003DAC56 /* Frameworks */,
				FD2C62DC2BDFD75400A14E53 /* Products */,
			);
			sourceTree = "<group>";
		};
		FD2C62DC2BDFD75400A14E53 /* Products */ = {
			isa = PBXGroup;
			children = (
				FD2C62DB2BDFD75400A14E53 /* CalendarStudy.app */,
				FD93E5912BDFFB53003DAC56 /* CalendarStudyWidgetExtension.appex */,
			);
			name = Products;
			sourceTree = "<group>";
		};
		FD2C62DD2BDFD75400A14E53 /* CalendarStudy */ = {
			isa = PBXGroup;
			children = (
				FD93E5A82BDFFB7F003DAC56 /* CalendarStudy.entitlements */,
				FD2C62F22BDFD98C00A14E53 /* App */,
				FD2C62F32BDFE56000A14E53 /* Utils */,
				FD2C62F12BDFD96500A14E53 /* Model */,
				FD2C62E02BDFD75400A14E53 /* CalendarView.swift */,
				FD93E5AA2BE00587003DAC56 /* CalendarHeaderView.swift */,
				FD93E58B2BDFF686003DAC56 /* StreakView.swift */,
				FD2C62E42BDFD75500A14E53 /* Preview Content */,
			);
			path = CalendarStudy;
			sourceTree = "<group>";
		};
		FD2C62E42BDFD75500A14E53 /* Preview Content */ = {
			isa = PBXGroup;
			children = (
				FD2C62E52BDFD75500A14E53 /* Preview Assets.xcassets */,
			);
			path = "Preview Content";
			sourceTree = "<group>";
		};
		FD2C62F12BDFD96500A14E53 /* Model */ = {
			isa = PBXGroup;
			children = (
				FD2C62E72BDFD75500A14E53 /* Persistence.swift */,
				FD93E5B12BE15EC3003DAC56 /* Day.swift */,
			);
			path = Model;
			sourceTree = "<group>";
		};
		FD2C62F22BDFD98C00A14E53 /* App */ = {
			isa = PBXGroup;
			children = (
				FD2C62E22BDFD75500A14E53 /* Assets.xcassets */,
				FD2C62DE2BDFD75400A14E53 /* CalendarStudyApp.swift */,
			);
			path = App;
			sourceTree = "<group>";
		};
		FD2C62F32BDFE56000A14E53 /* Utils */ = {
			isa = PBXGroup;
			children = (
				FD2C62F42BDFE57800A14E53 /* Date+ext.swift */,
			);
			path = Utils;
			sourceTree = "<group>";
		};
		FD93E5922BDFFB53003DAC56 /* Frameworks */ = {
			isa = PBXGroup;
			children = (
				FD93E5932BDFFB53003DAC56 /* WidgetKit.framework */,
				FD93E5952BDFFB53003DAC56 /* SwiftUI.framework */,
			);
			name = Frameworks;
			sourceTree = "<group>";
		};
		FD93E5972BDFFB53003DAC56 /* CalendarStudyWidget */ = {
			isa = PBXGroup;
			children = (
				FD93E59A2BDFFB53003DAC56 /* CalendarStudyWidget.swift */,
				FD93E59E2BDFFB54003DAC56 /* Assets.xcassets */,
				FD93E5A02BDFFB54003DAC56 /* Info.plist */,
			);
			path = CalendarStudyWidget;
			sourceTree = "<group>";
		};
/* End PBXGroup section */

/* Begin PBXNativeTarget section */
		FD2C62DA2BDFD75400A14E53 /* CalendarStudy */ = {
			isa = PBXNativeTarget;
			buildConfigurationList = FD2C62EE2BDFD75500A14E53 /* Build configuration list for PBXNativeTarget "CalendarStudy" */;
			buildPhases = (
				FD2C62D72BDFD75400A14E53 /* Sources */,
				FD2C62D82BDFD75400A14E53 /* Frameworks */,
				FD2C62D92BDFD75400A14E53 /* Resources */,
				FD93E5A72BDFFB54003DAC56 /* Embed Foundation Extensions */,
			);
			buildRules = (
			);
			dependencies = (
				FD93E5A22BDFFB54003DAC56 /* PBXTargetDependency */,
			);
			name = CalendarStudy;
			productName = CalendarStudy;
			productReference = FD2C62DB2BDFD75400A14E53 /* CalendarStudy.app */;
			productType = "com.apple.product-type.application";
		};
		FD93E5902BDFFB53003DAC56 /* CalendarStudyWidgetExtension */ = {
			isa = PBXNativeTarget;
			buildConfigurationList = FD93E5A42BDFFB54003DAC56 /* Build configuration list for PBXNativeTarget "CalendarStudyWidgetExtension" */;
			buildPhases = (
				FD93E58D2BDFFB53003DAC56 /* Sources */,
				FD93E58E2BDFFB53003DAC56 /* Frameworks */,
				FD93E58F2BDFFB53003DAC56 /* Resources */,
			);
			buildRules = (
			);
			dependencies = (
			);
			name = CalendarStudyWidgetExtension;
			productName = CalendarStudyWidgetExtension;
			productReference = FD93E5912BDFFB53003DAC56 /* CalendarStudyWidgetExtension.appex */;
			productType = "com.apple.product-type.app-extension";
		};
/* End PBXNativeTarget section */

/* Begin PBXProject section */
		FD2C62D32BDFD75400A14E53 /* Project object */ = {
			isa = PBXProject;
			attributes = {
				BuildIndependentTargetsInParallel = 1;
				LastSwiftUpdateCheck = 1530;
				LastUpgradeCheck = 1530;
				TargetAttributes = {
					FD2C62DA2BDFD75400A14E53 = {
						CreatedOnToolsVersion = 15.3;
					};
					FD93E5902BDFFB53003DAC56 = {
						CreatedOnToolsVersion = 15.3;
					};
				};
			};
			buildConfigurationList = FD2C62D62BDFD75400A14E53 /* Build configuration list for PBXProject "CalendarStudy" */;
			compatibilityVersion = "Xcode 14.0";
			developmentRegion = en;
			hasScannedForEncodings = 0;
			knownRegions = (
				en,
				Base,
			);
			mainGroup = FD2C62D22BDFD75400A14E53;
			productRefGroup = FD2C62DC2BDFD75400A14E53 /* Products */;
			projectDirPath = "";
			projectRoot = "";
			targets = (
				FD2C62DA2BDFD75400A14E53 /* CalendarStudy */,
				FD93E5902BDFFB53003DAC56 /* CalendarStudyWidgetExtension */,
			);
		};
/* End PBXProject section */

/* Begin PBXResourcesBuildPhase section */
		FD2C62D92BDFD75400A14E53 /* Resources */ = {
			isa = PBXResourcesBuildPhase;
			buildActionMask = 2147483647;
			files = (
				FD2C62E62BDFD75500A14E53 /* Preview Assets.xcassets in Resources */,
				FD2C62E32BDFD75500A14E53 /* Assets.xcassets in Resources */,
			);
			runOnlyForDeploymentPostprocessing = 0;
		};
		FD93E58F2BDFFB53003DAC56 /* Resources */ = {
			isa = PBXResourcesBuildPhase;
			buildActionMask = 2147483647;
			files = (
				FD93E59F2BDFFB54003DAC56 /* Assets.xcassets in Resources */,
			);
			runOnlyForDeploymentPostprocessing = 0;
		};
/* End PBXResourcesBuildPhase section */

/* Begin PBXSourcesBuildPhase section */
		FD2C62D72BDFD75400A14E53 /* Sources */ = {
			isa = PBXSourcesBuildPhase;
			buildActionMask = 2147483647;
			files = (
				FD93E58C2BDFF686003DAC56 /* StreakView.swift in Sources */,
				FD2C62E82BDFD75500A14E53 /* Persistence.swift in Sources */,
				FD93E5AB2BE00587003DAC56 /* CalendarHeaderView.swift in Sources */,
				FD93E5B22BE15EC3003DAC56 /* Day.swift in Sources */,
				FD2C62E12BDFD75400A14E53 /* CalendarView.swift in Sources */,
				FD2C62DF2BDFD75400A14E53 /* CalendarStudyApp.swift in Sources */,
				FD2C62F52BDFE57800A14E53 /* Date+ext.swift in Sources */,
			);
			runOnlyForDeploymentPostprocessing = 0;
		};
		FD93E58D2BDFFB53003DAC56 /* Sources */ = {
			isa = PBXSourcesBuildPhase;
			buildActionMask = 2147483647;
			files = (
				FD93E5AC2BE00587003DAC56 /* CalendarHeaderView.swift in Sources */,
				FD93E59B2BDFFB53003DAC56 /* CalendarStudyWidget.swift in Sources */,
				FD93E5B32BE15EC3003DAC56 /* Day.swift in Sources */,
				FD93E5AE2BE076CC003DAC56 /* Persistence.swift in Sources */,
				FD93E5B02BE15EA0003DAC56 /* Date+ext.swift in Sources */,
			);
			runOnlyForDeploymentPostprocessing = 0;
		};
/* End PBXSourcesBuildPhase section */

/* Begin PBXTargetDependency section */
		FD93E5A22BDFFB54003DAC56 /* PBXTargetDependency */ = {
			isa = PBXTargetDependency;
			target = FD93E5902BDFFB53003DAC56 /* CalendarStudyWidgetExtension */;
			targetProxy = FD93E5A12BDFFB54003DAC56 /* PBXContainerItemProxy */;
		};
/* End PBXTargetDependency section */

/* Begin XCBuildConfiguration section */
		FD2C62EC2BDFD75500A14E53 /* Debug */ = {
			isa = XCBuildConfiguration;
			buildSettings = {
				ALWAYS_SEARCH_USER_PATHS = NO;
				ASSETCATALOG_COMPILER_GENERATE_SWIFT_ASSET_SYMBOL_EXTENSIONS = YES;
				CLANG_ANALYZER_NONNULL = YES;
				CLANG_ANALYZER_NUMBER_OBJECT_CONVERSION = YES_AGGRESSIVE;
				CLANG_CXX_LANGUAGE_STANDARD = "gnu++20";
				CLANG_ENABLE_MODULES = YES;
				CLANG_ENABLE_OBJC_ARC = YES;
				CLANG_ENABLE_OBJC_WEAK = YES;
				CLANG_WARN_BLOCK_CAPTURE_AUTORELEASING = YES;
				CLANG_WARN_BOOL_CONVERSION = YES;
				CLANG_WARN_COMMA = YES;
				CLANG_WARN_CONSTANT_CONVERSION = YES;
				CLANG_WARN_DEPRECATED_OBJC_IMPLEMENTATIONS = YES;
				CLANG_WARN_DIRECT_OBJC_ISA_USAGE = YES_ERROR;
				CLANG_WARN_DOCUMENTATION_COMMENTS = YES;
				CLANG_WARN_EMPTY_BODY = YES;
				CLANG_WARN_ENUM_CONVERSION = YES;
				CLANG_WARN_INFINITE_RECURSION = YES;
				CLANG_WARN_INT_CONVERSION = YES;
				CLANG_WARN_NON_LITERAL_NULL_CONVERSION = YES;
				CLANG_WARN_OBJC_IMPLICIT_RETAIN_SELF = YES;
				CLANG_WARN_OBJC_LITERAL_CONVERSION = YES;
				CLANG_WARN_OBJC_ROOT_CLASS = YES_ERROR;
				CLANG_WARN_QUOTED_INCLUDE_IN_FRAMEWORK_HEADER = YES;
				CLANG_WARN_RANGE_LOOP_ANALYSIS = YES;
				CLANG_WARN_STRICT_PROTOTYPES = YES;
				CLANG_WARN_SUSPICIOUS_MOVE = YES;
				CLANG_WARN_UNGUARDED_AVAILABILITY = YES_AGGRESSIVE;
				CLANG_WARN_UNREACHABLE_CODE = YES;
				CLANG_WARN__DUPLICATE_METHOD_MATCH = YES;
				COPY_PHASE_STRIP = NO;
				DEBUG_INFORMATION_FORMAT = dwarf;
				ENABLE_STRICT_OBJC_MSGSEND = YES;
				ENABLE_TESTABILITY = YES;
				ENABLE_USER_SCRIPT_SANDBOXING = YES;
				GCC_C_LANGUAGE_STANDARD = gnu17;
				GCC_DYNAMIC_NO_PIC = NO;
				GCC_NO_COMMON_BLOCKS = YES;
				GCC_OPTIMIZATION_LEVEL = 0;
				GCC_PREPROCESSOR_DEFINITIONS = (
					"DEBUG=1",
					"$(inherited)",
				);
				GCC_WARN_64_TO_32_BIT_CONVERSION = YES;
				GCC_WARN_ABOUT_RETURN_TYPE = YES_ERROR;
				GCC_WARN_UNDECLARED_SELECTOR = YES;
				GCC_WARN_UNINITIALIZED_AUTOS = YES_AGGRESSIVE;
				GCC_WARN_UNUSED_FUNCTION = YES;
				GCC_WARN_UNUSED_VARIABLE = YES;
				IPHONEOS_DEPLOYMENT_TARGET = 17.4;
				LOCALIZATION_PREFERS_STRING_CATALOGS = YES;
				MTL_ENABLE_DEBUG_INFO = INCLUDE_SOURCE;
				MTL_FAST_MATH = YES;
				ONLY_ACTIVE_ARCH = YES;
				SDKROOT = iphoneos;
				SWIFT_ACTIVE_COMPILATION_CONDITIONS = "DEBUG $(inherited)";
				SWIFT_OPTIMIZATION_LEVEL = "-Onone";
			};
			name = Debug;
		};
		FD2C62ED2BDFD75500A14E53 /* Release */ = {
			isa = XCBuildConfiguration;
			buildSettings = {
				ALWAYS_SEARCH_USER_PATHS = NO;
				ASSETCATALOG_COMPILER_GENERATE_SWIFT_ASSET_SYMBOL_EXTENSIONS = YES;
				CLANG_ANALYZER_NONNULL = YES;
				CLANG_ANALYZER_NUMBER_OBJECT_CONVERSION = YES_AGGRESSIVE;
				CLANG_CXX_LANGUAGE_STANDARD = "gnu++20";
				CLANG_ENABLE_MODULES = YES;
				CLANG_ENABLE_OBJC_ARC = YES;
				CLANG_ENABLE_OBJC_WEAK = YES;
				CLANG_WARN_BLOCK_CAPTURE_AUTORELEASING = YES;
				CLANG_WARN_BOOL_CONVERSION = YES;
				CLANG_WARN_COMMA = YES;
				CLANG_WARN_CONSTANT_CONVERSION = YES;
				CLANG_WARN_DEPRECATED_OBJC_IMPLEMENTATIONS = YES;
				CLANG_WARN_DIRECT_OBJC_ISA_USAGE = YES_ERROR;
				CLANG_WARN_DOCUMENTATION_COMMENTS = YES;
				CLANG_WARN_EMPTY_BODY = YES;
				CLANG_WARN_ENUM_CONVERSION = YES;
				CLANG_WARN_INFINITE_RECURSION = YES;
				CLANG_WARN_INT_CONVERSION = YES;
				CLANG_WARN_NON_LITERAL_NULL_CONVERSION = YES;
				CLANG_WARN_OBJC_IMPLICIT_RETAIN_SELF = YES;
				CLANG_WARN_OBJC_LITERAL_CONVERSION = YES;
				CLANG_WARN_OBJC_ROOT_CLASS = YES_ERROR;
				CLANG_WARN_QUOTED_INCLUDE_IN_FRAMEWORK_HEADER = YES;
				CLANG_WARN_RANGE_LOOP_ANALYSIS = YES;
				CLANG_WARN_STRICT_PROTOTYPES = YES;
				CLANG_WARN_SUSPICIOUS_MOVE = YES;
				CLANG_WARN_UNGUARDED_AVAILABILITY = YES_AGGRESSIVE;
				CLANG_WARN_UNREACHABLE_CODE = YES;
				CLANG_WARN__DUPLICATE_METHOD_MATCH = YES;
				COPY_PHASE_STRIP = NO;
				DEBUG_INFORMATION_FORMAT = "dwarf-with-dsym";
				ENABLE_NS_ASSERTIONS = NO;
				ENABLE_STRICT_OBJC_MSGSEND = YES;
				ENABLE_USER_SCRIPT_SANDBOXING = YES;
				GCC_C_LANGUAGE_STANDARD = gnu17;
				GCC_NO_COMMON_BLOCKS = YES;
				GCC_WARN_64_TO_32_BIT_CONVERSION = YES;
				GCC_WARN_ABOUT_RETURN_TYPE = YES_ERROR;
				GCC_WARN_UNDECLARED_SELECTOR = YES;
				GCC_WARN_UNINITIALIZED_AUTOS = YES_AGGRESSIVE;
				GCC_WARN_UNUSED_FUNCTION = YES;
				GCC_WARN_UNUSED_VARIABLE = YES;
				IPHONEOS_DEPLOYMENT_TARGET = 17.4;
				LOCALIZATION_PREFERS_STRING_CATALOGS = YES;
				MTL_ENABLE_DEBUG_INFO = NO;
				MTL_FAST_MATH = YES;
				SDKROOT = iphoneos;
				SWIFT_COMPILATION_MODE = wholemodule;
				VALIDATE_PRODUCT = YES;
			};
			name = Release;
		};
		FD2C62EF2BDFD75500A14E53 /* Debug */ = {
			isa = XCBuildConfiguration;
			buildSettings = {
				ALWAYS_EMBED_SWIFT_STANDARD_LIBRARIES = YES;
				ASSETCATALOG_COMPILER_APPICON_NAME = AppIcon;
				ASSETCATALOG_COMPILER_GLOBAL_ACCENT_COLOR_NAME = AccentColor;
				CODE_SIGN_ENTITLEMENTS = CalendarStudy/CalendarStudy.entitlements;
				CODE_SIGN_STYLE = Automatic;
				CURRENT_PROJECT_VERSION = 1;
				DEVELOPMENT_ASSET_PATHS = "\"CalendarStudy/Preview Content\"";
				DEVELOPMENT_TEAM = PZ67V2GHY9;
				ENABLE_PREVIEWS = YES;
				GENERATE_INFOPLIST_FILE = YES;
				INFOPLIST_KEY_UIApplicationSceneManifest_Generation = YES;
				INFOPLIST_KEY_UIApplicationSupportsIndirectInputEvents = YES;
				INFOPLIST_KEY_UILaunchScreen_Generation = YES;
				INFOPLIST_KEY_UISupportedInterfaceOrientations_iPad = "UIInterfaceOrientationPortrait UIInterfaceOrientationPortraitUpsideDown UIInterfaceOrientationLandscapeLeft UIInterfaceOrientationLandscapeRight";
				INFOPLIST_KEY_UISupportedInterfaceOrientations_iPhone = "UIInterfaceOrientationPortrait UIInterfaceOrientationLandscapeLeft UIInterfaceOrientationLandscapeRight";
				LD_RUNPATH_SEARCH_PATHS = (
					"$(inherited)",
					"@executable_path/Frameworks",
				);
				MARKETING_VERSION = 1.0;
				PRODUCT_BUNDLE_IDENTIFIER = io.compilery.CalendarStudy;
				PRODUCT_NAME = "$(TARGET_NAME)";
				SWIFT_EMIT_LOC_STRINGS = YES;
				SWIFT_VERSION = 5.0;
				TARGETED_DEVICE_FAMILY = "1,2";
			};
			name = Debug;
		};
		FD2C62F02BDFD75500A14E53 /* Release */ = {
			isa = XCBuildConfiguration;
			buildSettings = {
				ALWAYS_EMBED_SWIFT_STANDARD_LIBRARIES = YES;
				ASSETCATALOG_COMPILER_APPICON_NAME = AppIcon;
				ASSETCATALOG_COMPILER_GLOBAL_ACCENT_COLOR_NAME = AccentColor;
				CODE_SIGN_ENTITLEMENTS = CalendarStudy/CalendarStudy.entitlements;
				CODE_SIGN_STYLE = Automatic;
				CURRENT_PROJECT_VERSION = 1;
				DEVELOPMENT_ASSET_PATHS = "\"CalendarStudy/Preview Content\"";
				DEVELOPMENT_TEAM = PZ67V2GHY9;
				ENABLE_PREVIEWS = YES;
				GENERATE_INFOPLIST_FILE = YES;
				INFOPLIST_KEY_UIApplicationSceneManifest_Generation = YES;
				INFOPLIST_KEY_UIApplicationSupportsIndirectInputEvents = YES;
				INFOPLIST_KEY_UILaunchScreen_Generation = YES;
				INFOPLIST_KEY_UISupportedInterfaceOrientations_iPad = "UIInterfaceOrientationPortrait UIInterfaceOrientationPortraitUpsideDown UIInterfaceOrientationLandscapeLeft UIInterfaceOrientationLandscapeRight";
				INFOPLIST_KEY_UISupportedInterfaceOrientations_iPhone = "UIInterfaceOrientationPortrait UIInterfaceOrientationLandscapeLeft UIInterfaceOrientationLandscapeRight";
				LD_RUNPATH_SEARCH_PATHS = (
					"$(inherited)",
					"@executable_path/Frameworks",
				);
				MARKETING_VERSION = 1.0;
				PRODUCT_BUNDLE_IDENTIFIER = io.compilery.CalendarStudy;
				PRODUCT_NAME = "$(TARGET_NAME)";
				SWIFT_EMIT_LOC_STRINGS = YES;
				SWIFT_VERSION = 5.0;
				TARGETED_DEVICE_FAMILY = "1,2";
			};
			name = Release;
		};
		FD93E5A52BDFFB54003DAC56 /* Debug */ = {
			isa = XCBuildConfiguration;
			buildSettings = {
				ASSETCATALOG_COMPILER_GLOBAL_ACCENT_COLOR_NAME = AccentColor;
				ASSETCATALOG_COMPILER_WIDGET_BACKGROUND_COLOR_NAME = WidgetBackground;
				CODE_SIGN_ENTITLEMENTS = CalendarStudyWidgetExtension.entitlements;
				CODE_SIGN_STYLE = Automatic;
				CURRENT_PROJECT_VERSION = 1;
				DEVELOPMENT_TEAM = PZ67V2GHY9;
				GENERATE_INFOPLIST_FILE = YES;
				INFOPLIST_FILE = CalendarStudyWidget/Info.plist;
				INFOPLIST_KEY_CFBundleDisplayName = CalendarStudyWidget;
				INFOPLIST_KEY_NSHumanReadableCopyright = "";
				LD_RUNPATH_SEARCH_PATHS = (
					"$(inherited)",
					"@executable_path/Frameworks",
					"@executable_path/../../Frameworks",
				);
				MARKETING_VERSION = 1.0;
				PRODUCT_BUNDLE_IDENTIFIER = io.compilery.CalendarStudy.CalendarStudyWidget;
				PRODUCT_NAME = "$(TARGET_NAME)";
				SKIP_INSTALL = YES;
				SWIFT_EMIT_LOC_STRINGS = YES;
				SWIFT_VERSION = 5.0;
				TARGETED_DEVICE_FAMILY = "1,2";
			};
			name = Debug;
		};
		FD93E5A62BDFFB54003DAC56 /* Release */ = {
			isa = XCBuildConfiguration;
			buildSettings = {
				ASSETCATALOG_COMPILER_GLOBAL_ACCENT_COLOR_NAME = AccentColor;
				ASSETCATALOG_COMPILER_WIDGET_BACKGROUND_COLOR_NAME = WidgetBackground;
				CODE_SIGN_ENTITLEMENTS = CalendarStudyWidgetExtension.entitlements;
				CODE_SIGN_STYLE = Automatic;
				CURRENT_PROJECT_VERSION = 1;
				DEVELOPMENT_TEAM = PZ67V2GHY9;
				GENERATE_INFOPLIST_FILE = YES;
				INFOPLIST_FILE = CalendarStudyWidget/Info.plist;
				INFOPLIST_KEY_CFBundleDisplayName = CalendarStudyWidget;
				INFOPLIST_KEY_NSHumanReadableCopyright = "";
				LD_RUNPATH_SEARCH_PATHS = (
					"$(inherited)",
					"@executable_path/Frameworks",
					"@executable_path/../../Frameworks",
				);
				MARKETING_VERSION = 1.0;
				PRODUCT_BUNDLE_IDENTIFIER = io.compilery.CalendarStudy.CalendarStudyWidget;
				PRODUCT_NAME = "$(TARGET_NAME)";
				SKIP_INSTALL = YES;
				SWIFT_EMIT_LOC_STRINGS = YES;
				SWIFT_VERSION = 5.0;
				TARGETED_DEVICE_FAMILY = "1,2";
			};
			name = Release;
		};
/* End XCBuildConfiguration section */

/* Begin XCConfigurationList section */
		FD2C62D62BDFD75400A14E53 /* Build configuration list for PBXProject "CalendarStudy" */ = {
			isa = XCConfigurationList;
			buildConfigurations = (
				FD2C62EC2BDFD75500A14E53 /* Debug */,
				FD2C62ED2BDFD75500A14E53 /* Release */,
			);
			defaultConfigurationIsVisible = 0;
			defaultConfigurationName = Release;
		};
		FD2C62EE2BDFD75500A14E53 /* Build configuration list for PBXNativeTarget "CalendarStudy" */ = {
			isa = XCConfigurationList;
			buildConfigurations = (
				FD2C62EF2BDFD75500A14E53 /* Debug */,
				FD2C62F02BDFD75500A14E53 /* Release */,
			);
			defaultConfigurationIsVisible = 0;
			defaultConfigurationName = Release;
		};
		FD93E5A42BDFFB54003DAC56 /* Build configuration list for PBXNativeTarget "CalendarStudyWidgetExtension" */ = {
			isa = XCConfigurationList;
			buildConfigurations = (
				FD93E5A52BDFFB54003DAC56 /* Debug */,
				FD93E5A62BDFFB54003DAC56 /* Release */,
			);
			defaultConfigurationIsVisible = 0;
			defaultConfigurationName = Release;
		};
/* End XCConfigurationList section */
	};
	rootObject = FD2C62D32BDFD75400A14E53 /* Project object */;
}
